# Resolved development/runtime constraints on Python 3.12.
# Install with: pip install -c requirements.lock -e ".[dev]"
aiohappyeyeballs==2.7.1
aiohttp==3.14.4
aiosignal==1.4.0
argon2-cffi==25.1.0
argon2-cffi-bindings==26.1.0
asgiref==3.12.1
attrs==26.1.0
black==26.10.0
certifi==2026.7.22
cffi==2.1.1
charset-normalizer==3.5.2
click==8.5.0
coverage==7.16.2
cryptography==50.0.2
Django==5.2.18
django-filter==25.2
djangorestframework==3.16.1
drf-spectacular==0.29.0
factory_boy==3.3.3
Faker==40.41.0
frozenlist==1.8.0
gunicorn==23.0.0
http_ece==1.2.1
idna==3.20
inflection==0.5.1
iniconfig==2.3.1
jsonschema==4.26.0
jsonschema-specifications==2025.9.1
multidict==6.9.1
mypy_extensions==1.1.0
packaging==26.3
pathspec==1.1.1
platformdirs==4.12.3
pluggy==1.6.0
propcache==0.5.4
psycopg==3.3.6
psycopg-binary==3.3.6
py-vapid==1.9.4
pycparser==3.0
Pygments==2.21.0
pytest==9.1.1
pytest-cov==7.1.0
pytest-django==4.14.0
pytokens==0.4.1
pywebpush==2.5.0
PyYAML==6.0.3
redis==6.4.0
referencing==0.37.0
requests==2.34.2
rpds-py==2026.9.1
ruff==0.16.10
sqlparse==0.6.0
typing_extensions==4.16.0
uritemplate==4.2.0
urllib3==2.8.0
yarl==1.25.1
